// !$*UTF8*$!
{
	archiveVersion = 1;
	classes = {
	};
	objectVersion = 55;
	objects = {

/* Begin PBXBuildFile section */
		8707879628E2594E0069AAEB /* HourMessageViewController.swift in Sources */ = {isa = PBXBuildFile; fileRef = 8707879528E2594E0069AAEB /* HourMessageViewController.swift */; };
		8707879828E271240069AAEB /* HourMessage.swift in Sources */ = {isa = PBXBuildFile; fileRef = 8707879728E271240069AAEB /* HourMessage.swift */; };
		870D43E228F77E7000EDF4F2 /* HourMessageUnitTests.swift in Sources */ = {isa = PBXBuildFile; fileRef = 870D43E128F77E7000EDF4F2 /* HourMessageUnitTests.swift */; };
		870D43E828F77E7600EDF4F2 /* HourMessageTests.swift in Sources */ = {isa = PBXBuildFile; fileRef = 8749B82F28E010AF00A718AC /* HourMessageTests.swift */; };
		870D43E928F77E7700EDF4F2 /* HourMessageMock.swift in Sources */ = {isa = PBXBuildFile; fileRef = 874DD3B628F77A3E00A4F6A9 /* HourMessageMock.swift */; };
		8749B81928E010AD00A718AC /* AppDelegate.swift in Sources */ = {isa = PBXBuildFile; fileRef = 8749B81828E010AD00A718AC /* AppDelegate.swift */; };
		8749B81B28E010AD00A718AC /* SceneDelegate.swift in Sources */ = {isa = PBXBuildFile; fileRef = 8749B81A28E010AD00A718AC /* SceneDelegate.swift */; };
		8749B81D28E010AD00A718AC /* ViewController.swift in Sources */ = {isa = PBXBuildFile; fileRef = 8749B81C28E010AD00A718AC /* ViewController.swift */; };
		8749B82228E010AF00A718AC /* Assets.xcassets in Resources */ = {isa = PBXBuildFile; fileRef = 8749B82128E010AF00A718AC /* Assets.xcassets */; };
		8749B82528E010AF00A718AC /* LaunchScreen.storyboard in Resources */ = {isa = PBXBuildFile; fileRef = 8749B82328E010AF00A718AC /* LaunchScreen.storyboard */; };
		8749B84B28E0117900A718AC /* HourMessageView.swift in Sources */ = {isa = PBXBuildFile; fileRef = 8749B84A28E0117900A718AC /* HourMessageView.swift */; };
		8749B84D28E0119400A718AC /* String+Resources.swift in Sources */ = {isa = PBXBuildFile; fileRef = 8749B84C28E0119400A718AC /* String+Resources.swift */; };
		8749B85028E0134F00A718AC /* HourMessageString.strings in Resources */ = {isa = PBXBuildFile; fileRef = 8749B84F28E0134F00A718AC /* HourMessageString.strings */; };
		8749B85228E0135C00A718AC /* HourMessageString.swift in Sources */ = {isa = PBXBuildFile; fileRef = 8749B85128E0135C00A718AC /* HourMessageString.swift */; };
		8749B85428E1333B00A718AC /* UIColor.swift in Sources */ = {isa = PBXBuildFile; fileRef = 8749B85328E1333B00A718AC /* UIColor.swift */; };
/* End PBXBuildFile section */

/* Begin PBXContainerItemProxy section */
		870D43E328F77E7000EDF4F2 /* PBXContainerItemProxy */ = {
			isa = PBXContainerItemProxy;
			containerPortal = 8749B80D28E010AD00A718AC /* Project object */;
			proxyType = 1;
			remoteGlobalIDString = 8749B81428E010AD00A718AC;
			remoteInfo = HourMessage;
		};
/* End PBXContainerItemProxy section */

/* Begin PBXFileReference section */
		8707879528E2594E0069AAEB /* HourMessageViewController.swift */ = {isa = PBXFileReference; lastKnownFileType = sourcecode.swift; path = HourMessageViewController.swift; sourceTree = "<group>"; };
		8707879728E271240069AAEB /* HourMessage.swift */ = {isa = PBXFileReference; lastKnownFileType = sourcecode.swift; path = HourMessage.swift; sourceTree = "<group>"; };
		870D43DF28F77E7000EDF4F2 /* HourMessageUnitTests.xctest */ = {isa = PBXFileReference; explicitFileType = wrapper.cfbundle; includeInIndex = 0; path = HourMessageUnitTests.xctest; sourceTree = BUILT_PRODUCTS_DIR; };
		870D43E128F77E7000EDF4F2 /* HourMessageUnitTests.swift */ = {isa = PBXFileReference; lastKnownFileType = sourcecode.swift; path = HourMessageUnitTests.swift; sourceTree = "<group>"; };
		8749B81528E010AD00A718AC /* HourMessage.app */ = {isa = PBXFileReference; explicitFileType = wrapper.application; includeInIndex = 0; path = HourMessage.app; sourceTree = BUILT_PRODUCTS_DIR; };
		8749B81828E010AD00A718AC /* AppDelegate.swift */ = {isa = PBXFileReference; lastKnownFileType = sourcecode.swift; path = AppDelegate.swift; sourceTree = "<group>"; };
		8749B81A28E010AD00A718AC /* SceneDelegate.swift */ = {isa = PBXFileReference; lastKnownFileType = sourcecode.swift; path = SceneDelegate.swift; sourceTree = "<group>"; };
		8749B81C28E010AD00A718AC /* ViewController.swift */ = {isa = PBXFileReference; lastKnownFileType = sourcecode.swift; path = ViewController.swift; sourceTree = "<group>"; };
		8749B82128E010AF00A718AC /* Assets.xcassets */ = {isa = PBXFileReference; lastKnownFileType = folder.assetcatalog; path = Assets.xcassets; sourceTree = "<group>"; };
		8749B82428E010AF00A718AC /* Base */ = {isa = PBXFileReference; lastKnownFileType = file.storyboard; name = Base; path = Base.lproj/LaunchScreen.storyboard; sourceTree = "<group>"; };
		8749B82628E010AF00A718AC /* Info.plist */ = {isa = PBXFileReference; lastKnownFileType = text.plist.xml; path = Info.plist; sourceTree = "<group>"; };
		8749B82F28E010AF00A718AC /* HourMessageTests.swift */ = {isa = PBXFileReference; lastKnownFileType = sourcecode.swift; path = HourMessageTests.swift; sourceTree = "<group>"; };
		8749B84A28E0117900A718AC /* HourMessageView.swift */ = {isa = PBXFileReference; lastKnownFileType = sourcecode.swift; path = HourMessageView.swift; sourceTree = "<group>"; };
		8749B84C28E0119400A718AC /* String+Resources.swift */ = {isa = PBXFileReference; lastKnownFileType = sourcecode.swift; path = "String+Resources.swift"; sourceTree = "<group>"; };
		8749B84F28E0134F00A718AC /* HourMessageString.strings */ = {isa = PBXFileReference; lastKnownFileType = text.plist.strings; path = HourMessageString.strings; sourceTree = "<group>"; };
		8749B85128E0135C00A718AC /* HourMessageString.swift */ = {isa = PBXFileReference; lastKnownFileType = sourcecode.swift; path = HourMessageString.swift; sourceTree = "<group>"; };
		8749B85328E1333B00A718AC /* UIColor.swift */ = {isa = PBXFileReference; lastKnownFileType = sourcecode.swift; path = UIColor.swift; sourceTree = "<group>"; };
		874DD3B628F77A3E00A4F6A9 /* HourMessageMock.swift */ = {isa = PBXFileReference; lastKnownFileType = sourcecode.swift; path = HourMessageMock.swift; sourceTree = "<group>"; };
/* End PBXFileReference section */

/* Begin PBXFrameworksBuildPhase section */
		870D43DC28F77E7000EDF4F2 /* Frameworks */ = {
			isa = PBXFrameworksBuildPhase;
			buildActionMask = 2147483647;
			files = (
			);
			runOnlyForDeploymentPostprocessing = 0;
		};
		8749B81228E010AD00A718AC /* Frameworks */ = {
			isa = PBXFrameworksBuildPhase;
			buildActionMask = 2147483647;
			files = (
			);
			runOnlyForDeploymentPostprocessing = 0;
		};
/* End PBXFrameworksBuildPhase section */

/* Begin PBXGroup section */
		870D43E028F77E7000EDF4F2 /* HourMessageUnitTests */ = {
			isa = PBXGroup;
			children = (
				874DD3B628F77A3E00A4F6A9 /* HourMessageMock.swift */,
				8749B82F28E010AF00A718AC /* HourMessageTests.swift */,
				870D43E128F77E7000EDF4F2 /* HourMessageUnitTests.swift */,
			);
			path = HourMessageUnitTests;
			sourceTree = "<group>";
		};
		8749B80C28E010AD00A718AC = {
			isa = PBXGroup;
			children = (
				8749B81728E010AD00A718AC /* HourMessage */,
				8749B82E28E010AF00A718AC /* HourMessageTests */,
				870D43E028F77E7000EDF4F2 /* HourMessageUnitTests */,
				8749B81628E010AD00A718AC /* Products */,
			);
			sourceTree = "<group>";
		};
		8749B81628E010AD00A718AC /* Products */ = {
			isa = PBXGroup;
			children = (
				8749B81528E010AD00A718AC /* HourMessage.app */,
				870D43DF28F77E7000EDF4F2 /* HourMessageUnitTests.xctest */,
			);
			name = Products;
			sourceTree = "<group>";
		};
		8749B81728E010AD00A718AC /* HourMessage */ = {
			isa = PBXGroup;
			children = (
				8749B84928E0116900A718AC /* Helpers */,
				8749B84828E0116300A718AC /* Scenes */,
				8749B81828E010AD00A718AC /* AppDelegate.swift */,
				8749B81A28E010AD00A718AC /* SceneDelegate.swift */,
				8749B81C28E010AD00A718AC /* ViewController.swift */,
				8749B82128E010AF00A718AC /* Assets.xcassets */,
				8749B82328E010AF00A718AC /* LaunchScreen.storyboard */,
				8749B82628E010AF00A718AC /* Info.plist */,
			);
			path = HourMessage;
			sourceTree = "<group>";
		};
		8749B82E28E010AF00A718AC /* HourMessageTests */ = {
			isa = PBXGroup;
			children = (
			);
			path = HourMessageTests;
			sourceTree = "<group>";
		};
		8749B84828E0116300A718AC /* Scenes */ = {
			isa = PBXGroup;
			children = (
				8749B84E28E0133B00A718AC /* Resources */,
				8749B84A28E0117900A718AC /* HourMessageView.swift */,
				8707879528E2594E0069AAEB /* HourMessageViewController.swift */,
				8707879728E271240069AAEB /* HourMessage.swift */,
			);
			path = Scenes;
			sourceTree = "<group>";
		};
		8749B84928E0116900A718AC /* Helpers */ = {
			isa = PBXGroup;
			children = (
				8749B84C28E0119400A718AC /* String+Resources.swift */,
				8749B85328E1333B00A718AC /* UIColor.swift */,
			);
			path = Helpers;
			sourceTree = "<group>";
		};
		8749B84E28E0133B00A718AC /* Resources */ = {
			isa = PBXGroup;
			children = (
				8749B84F28E0134F00A718AC /* HourMessageString.strings */,
				8749B85128E0135C00A718AC /* HourMessageString.swift */,
			);
			path = Resources;
			sourceTree = "<group>";
		};
/* End PBXGroup section */

/* Begin PBXNativeTarget section */
		870D43DE28F77E7000EDF4F2 /* HourMessageUnitTests */ = {
			isa = PBXNativeTarget;
			buildConfigurationList = 870D43E728F77E7000EDF4F2 /* Build configuration list for PBXNativeTarget "HourMessageUnitTests" */;
			buildPhases = (
				870D43DB28F77E7000EDF4F2 /* Sources */,
				870D43DC28F77E7000EDF4F2 /* Frameworks */,
				870D43DD28F77E7000EDF4F2 /* Resources */,
			);
			buildRules = (
			);
			dependencies = (
				870D43E428F77E7000EDF4F2 /* PBXTargetDependency */,
			);
			name = HourMessageUnitTests;
			productName = HourMessageUnitTests;
			productReference = 870D43DF28F77E7000EDF4F2 /* HourMessageUnitTests.xctest */;
			productType = "com.apple.product-type.bundle.unit-test";
		};
		8749B81428E010AD00A718AC /* HourMessage */ = {
			isa = PBXNativeTarget;
			buildConfigurationList = 8749B83F28E010AF00A718AC /* Build configuration list for PBXNativeTarget "HourMessage" */;
			buildPhases = (
				8749B81128E010AD00A718AC /* Sources */,
				8749B81228E010AD00A718AC /* Frameworks */,
				8749B81328E010AD00A718AC /* Resources */,
			);
			buildRules = (
			);
			dependencies = (
			);
			name = HourMessage;
			packageProductDependencies = (
			);
			productName = HourMessage;
			productReference = 8749B81528E010AD00A718AC /* HourMessage.app */;
			productType = "com.apple.product-type.application";
		};
/* End PBXNativeTarget section */

/* Begin PBXProject section */
		8749B80D28E010AD00A718AC /* Project object */ = {
			isa = PBXProject;
			attributes = {
				BuildIndependentTargetsInParallel = 1;
				LastSwiftUpdateCheck = 1340;
				LastUpgradeCheck = 1340;
				TargetAttributes = {
					870D43DE28F77E7000EDF4F2 = {
						CreatedOnToolsVersion = 13.4;
						TestTargetID = 8749B81428E010AD00A718AC;
					};
					8749B81428E010AD00A718AC = {
						CreatedOnToolsVersion = 13.4;
					};
				};
			};
			buildConfigurationList = 8749B81028E010AD00A718AC /* Build configuration list for PBXProject "HourMessage" */;
			compatibilityVersion = "Xcode 13.0";
			developmentRegion = en;
			hasScannedForEncodings = 0;
			knownRegions = (
				en,
				Base,
			);
			mainGroup = 8749B80C28E010AD00A718AC;
			packageReferences = (
				8749B85528E1357E00A718AC /* XCRemoteSwiftPackageReference "swift-snapshot-testing" */,
				8749B85A28E1366700A718AC /* XCRemoteSwiftPackageReference "swift-snapshot-testing" */,
			);
			productRefGroup = 8749B81628E010AD00A718AC /* Products */;
			projectDirPath = "";
			projectRoot = "";
			targets = (
				8749B81428E010AD00A718AC /* HourMessage */,
				870D43DE28F77E7000EDF4F2 /* HourMessageUnitTests */,
			);
		};
/* End PBXProject section */

/* Begin PBXResourcesBuildPhase section */
		870D43DD28F77E7000EDF4F2 /* Resources */ = {
			isa = PBXResourcesBuildPhase;
			buildActionMask = 2147483647;
			files = (
			);
			runOnlyForDeploymentPostprocessing = 0;
		};
		8749B81328E010AD00A718AC /* Resources */ = {
			isa = PBXResourcesBuildPhase;
			buildActionMask = 2147483647;
			files = (
				8749B82528E010AF00A718AC /* LaunchScreen.storyboard in Resources */,
				8749B82228E010AF00A718AC /* Assets.xcassets in Resources */,
				8749B85028E0134F00A718AC /* HourMessageString.strings in Resources */,
			);
			runOnlyForDeploymentPostprocessing = 0;
		};
/* End PBXResourcesBuildPhase section */

/* Begin PBXSourcesBuildPhase section */
		870D43DB28F77E7000EDF4F2 /* Sources */ = {
			isa = PBXSourcesBuildPhase;
			buildActionMask = 2147483647;
			files = (
				870D43E928F77E7700EDF4F2 /* HourMessageMock.swift in Sources */,
				870D43E228F77E7000EDF4F2 /* HourMessageUnitTests.swift in Sources */,
				870D43E828F77E7600EDF4F2 /* HourMessageTests.swift in Sources */,
			);
			runOnlyForDeploymentPostprocessing = 0;
		};
		8749B81128E010AD00A718AC /* Sources */ = {
			isa = PBXSourcesBuildPhase;
			buildActionMask = 2147483647;
			files = (
				8749B81D28E010AD00A718AC /* ViewController.swift in Sources */,
				8749B85428E1333B00A718AC /* UIColor.swift in Sources */,
				8749B81928E010AD00A718AC /* AppDelegate.swift in Sources */,
				8749B84B28E0117900A718AC /* HourMessageView.swift in Sources */,
				8707879628E2594E0069AAEB /* HourMessageViewController.swift in Sources */,
				8749B81B28E010AD00A718AC /* SceneDelegate.swift in Sources */,
				8749B85228E0135C00A718AC /* HourMessageString.swift in Sources */,
				8707879828E271240069AAEB /* HourMessage.swift in Sources */,
				8749B84D28E0119400A718AC /* String+Resources.swift in Sources */,
			);
			runOnlyForDeploymentPostprocessing = 0;
		};
/* End PBXSourcesBuildPhase section */

/* Begin PBXTargetDependency section */
		870D43E428F77E7000EDF4F2 /* PBXTargetDependency */ = {
			isa = PBXTargetDependency;
			target = 8749B81428E010AD00A718AC /* HourMessage */;
			targetProxy = 870D43E328F77E7000EDF4F2 /* PBXContainerItemProxy */;
		};
/* End PBXTargetDependency section */

/* Begin PBXVariantGroup section */
		8749B82328E010AF00A718AC /* LaunchScreen.storyboard */ = {
			isa = PBXVariantGroup;
			children = (
				8749B82428E010AF00A718AC /* Base */,
			);
			name = LaunchScreen.storyboard;
			sourceTree = "<group>";
		};
/* End PBXVariantGroup section */

/* Begin XCBuildConfiguration section */
		870D43E528F77E7000EDF4F2 /* Debug */ = {
			isa = XCBuildConfiguration;
			buildSettings = {
				BUNDLE_LOADER = "$(TEST_HOST)";
				CODE_SIGN_STYLE = Automatic;
				CURRENT_PROJECT_VERSION = 1;
				GENERATE_INFOPLIST_FILE = YES;
				MARKETING_VERSION = 1.0;
				PRODUCT_BUNDLE_IDENTIFIER = lys.HourMessageUnitTests;
				PRODUCT_NAME = "$(TARGET_NAME)";
				SWIFT_EMIT_LOC_STRINGS = NO;
				SWIFT_VERSION = 5.0;
				TARGETED_DEVICE_FAMILY = "1,2";
				TEST_HOST = "$(BUILT_PRODUCTS_DIR)/HourMessage.app/HourMessage";
			};
			name = Debug;
		};
		870D43E628F77E7000EDF4F2 /* Release */ = {
			isa = XCBuildConfiguration;
			buildSettings = {
				BUNDLE_LOADER = "$(TEST_HOST)";
				CODE_SIGN_STYLE = Automatic;
				CURRENT_PROJECT_VERSION = 1;
				GENERATE_INFOPLIST_FILE = YES;
				MARKETING_VERSION = 1.0;
				PRODUCT_BUNDLE_IDENTIFIER = lys.HourMessageUnitTests;
				PRODUCT_NAME = "$(TARGET_NAME)";
				SWIFT_EMIT_LOC_STRINGS = NO;
				SWIFT_VERSION = 5.0;
				TARGETED_DEVICE_FAMILY = "1,2";
				TEST_HOST = "$(BUILT_PRODUCTS_DIR)/HourMessage.app/HourMessage";
			};
			name = Release;
		};
		8749B83D28E010AF00A718AC /* Debug */ = {
			isa = XCBuildConfiguration;
			buildSettings = {
				ALWAYS_SEARCH_USER_PATHS = NO;
				CLANG_ANALYZER_NONNULL = YES;
				CLANG_ANALYZER_NUMBER_OBJECT_CONVERSION = YES_AGGRESSIVE;
				CLANG_CXX_LANGUAGE_STANDARD = "gnu++17";
				CLANG_ENABLE_MODULES = YES;
				CLANG_ENABLE_OBJC_ARC = YES;
				CLANG_ENABLE_OBJC_WEAK = YES;
				CLANG_WARN_BLOCK_CAPTURE_AUTORELEASING = YES;
				CLANG_WARN_BOOL_CONVERSION = YES;
				CLANG_WARN_COMMA = YES;
				CLANG_WARN_CONSTANT_CONVERSION = YES;
				CLANG_WARN_DEPRECATED_OBJC_IMPLEMENTATIONS = YES;
				CLANG_WARN_DIRECT_OBJC_ISA_USAGE = YES_ERROR;
				CLANG_WARN_DOCUMENTATION_COMMENTS = YES;
				CLANG_WARN_EMPTY_BODY = YES;
				CLANG_WARN_ENUM_CONVERSION = YES;
				CLANG_WARN_INFINITE_RECURSION = YES;
				CLANG_WARN_INT_CONVERSION = YES;
				CLANG_WARN_NON_LITERAL_NULL_CONVERSION = YES;
				CLANG_WARN_OBJC_IMPLICIT_RETAIN_SELF = YES;
				CLANG_WARN_OBJC_LITERAL_CONVERSION = YES;
				CLANG_WARN_OBJC_ROOT_CLASS = YES_ERROR;
				CLANG_WARN_QUOTED_INCLUDE_IN_FRAMEWORK_HEADER = YES;
				CLANG_WARN_RANGE_LOOP_ANALYSIS = YES;
				CLANG_WARN_STRICT_PROTOTYPES = YES;
				CLANG_WARN_SUSPICIOUS_MOVE = YES;
				CLANG_WARN_UNGUARDED_AVAILABILITY = YES_AGGRESSIVE;
				CLANG_WARN_UNREACHABLE_CODE = YES;
				CLANG_WARN__DUPLICATE_METHOD_MATCH = YES;
				COPY_PHASE_STRIP = NO;
				DEBUG_INFORMATION_FORMAT = dwarf;
				ENABLE_STRICT_OBJC_MSGSEND = YES;
				ENABLE_TESTABILITY = YES;
				GCC_C_LANGUAGE_STANDARD = gnu11;
				GCC_DYNAMIC_NO_PIC = NO;
				GCC_NO_COMMON_BLOCKS = YES;
				GCC_OPTIMIZATION_LEVEL = 0;
				GCC_PREPROCESSOR_DEFINITIONS = (
					"DEBUG=1",
					"$(inherited)",
				);
				GCC_WARN_64_TO_32_BIT_CONVERSION = YES;
				GCC_WARN_ABOUT_RETURN_TYPE = YES_ERROR;
				GCC_WARN_UNDECLARED_SELECTOR = YES;
				GCC_WARN_UNINITIALIZED_AUTOS = YES_AGGRESSIVE;
				GCC_WARN_UNUSED_FUNCTION = YES;
				GCC_WARN_UNUSED_VARIABLE = YES;
				IPHONEOS_DEPLOYMENT_TARGET = 15.5;
				MTL_ENABLE_DEBUG_INFO = INCLUDE_SOURCE;
				MTL_FAST_MATH = YES;
				ONLY_ACTIVE_ARCH = YES;
				SDKROOT = iphoneos;
				SWIFT_ACTIVE_COMPILATION_CONDITIONS = DEBUG;
				SWIFT_OPTIMIZATION_LEVEL = "-Onone";
			};
			name = Debug;
		};
		8749B83E28E010AF00A718AC /* Release */ = {
			isa = XCBuildConfiguration;
			buildSettings = {
				ALWAYS_SEARCH_USER_PATHS = NO;
				CLANG_ANALYZER_NONNULL = YES;
				CLANG_ANALYZER_NUMBER_OBJECT_CONVERSION = YES_AGGRESSIVE;
				CLANG_CXX_LANGUAGE_STANDARD = "gnu++17";
				CLANG_ENABLE_MODULES = YES;
				CLANG_ENABLE_OBJC_ARC = YES;
				CLANG_ENABLE_OBJC_WEAK = YES;
				CLANG_WARN_BLOCK_CAPTURE_AUTORELEASING = YES;
				CLANG_WARN_BOOL_CONVERSION = YES;
				CLANG_WARN_COMMA = YES;
				CLANG_WARN_CONSTANT_CONVERSION = YES;
				CLANG_WARN_DEPRECATED_OBJC_IMPLEMENTATIONS = YES;
				CLANG_WARN_DIRECT_OBJC_ISA_USAGE = YES_ERROR;
				CLANG_WARN_DOCUMENTATION_COMMENTS = YES;
				CLANG_WARN_EMPTY_BODY = YES;
				CLANG_WARN_ENUM_CONVERSION = YES;
				CLANG_WARN_INFINITE_RECURSION = YES;
				CLANG_WARN_INT_CONVERSION = YES;
				CLANG_WARN_NON_LITERAL_NULL_CONVERSION = YES;
				CLANG_WARN_OBJC_IMPLICIT_RETAIN_SELF = YES;
				CLANG_WARN_OBJC_LITERAL_CONVERSION = YES;
				CLANG_WARN_OBJC_ROOT_CLASS = YES_ERROR;
				CLANG_WARN_QUOTED_INCLUDE_IN_FRAMEWORK_HEADER = YES;
				CLANG_WARN_RANGE_LOOP_ANALYSIS = YES;
				CLANG_WARN_STRICT_PROTOTYPES = YES;
				CLANG_WARN_SUSPICIOUS_MOVE = YES;
				CLANG_WARN_UNGUARDED_AVAILABILITY = YES_AGGRESSIVE;
				CLANG_WARN_UNREACHABLE_CODE = YES;
				CLANG_WARN__DUPLICATE_METHOD_MATCH = YES;
				COPY_PHASE_STRIP = NO;
				DEBUG_INFORMATION_FORMAT = "dwarf-with-dsym";
				ENABLE_NS_ASSERTIONS = NO;
				ENABLE_STRICT_OBJC_MSGSEND = YES;
				GCC_C_LANGUAGE_STANDARD = gnu11;
				GCC_NO_COMMON_BLOCKS = YES;
				GCC_WARN_64_TO_32_BIT_CONVERSION = YES;
				GCC_WARN_ABOUT_RETURN_TYPE = YES_ERROR;
				GCC_WARN_UNDECLARED_SELECTOR = YES;
				GCC_WARN_UNINITIALIZED_AUTOS = YES_AGGRESSIVE;
				GCC_WARN_UNUSED_FUNCTION = YES;
				GCC_WARN_UNUSED_VARIABLE = YES;
				IPHONEOS_DEPLOYMENT_TARGET = 15.5;
				MTL_ENABLE_DEBUG_INFO = NO;
				MTL_FAST_MATH = YES;
				SDKROOT = iphoneos;
				SWIFT_COMPILATION_MODE = wholemodule;
				SWIFT_OPTIMIZATION_LEVEL = "-O";
				VALIDATE_PRODUCT = YES;
			};
			name = Release;
		};
		8749B84028E010AF00A718AC /* Debug */ = {
			isa = XCBuildConfiguration;
			buildSettings = {
				ASSETCATALOG_COMPILER_APPICON_NAME = AppIcon;
				ASSETCATALOG_COMPILER_GLOBAL_ACCENT_COLOR_NAME = AccentColor;
				CODE_SIGN_STYLE = Automatic;
				CURRENT_PROJECT_VERSION = 1;
				GENERATE_INFOPLIST_FILE = YES;
				INFOPLIST_FILE = HourMessage/Info.plist;
				INFOPLIST_KEY_UIApplicationSupportsIndirectInputEvents = YES;
				INFOPLIST_KEY_UILaunchStoryboardName = LaunchScreen;
				INFOPLIST_KEY_UISupportedInterfaceOrientations_iPad = "UIInterfaceOrientationPortrait UIInterfaceOrientationPortraitUpsideDown UIInterfaceOrientationLandscapeLeft UIInterfaceOrientationLandscapeRight";
				INFOPLIST_KEY_UISupportedInterfaceOrientations_iPhone = "UIInterfaceOrientationPortrait UIInterfaceOrientationLandscapeLeft UIInterfaceOrientationLandscapeRight";
				LD_RUNPATH_SEARCH_PATHS = (
					"$(inherited)",
					"@executable_path/Frameworks",
				);
				MARKETING_VERSION = 1.0;
				PRODUCT_BUNDLE_IDENTIFIER = lys.HourMessage;
				PRODUCT_NAME = "$(TARGET_NAME)";
				SWIFT_EMIT_LOC_STRINGS = YES;
				SWIFT_VERSION = 5.0;
				TARGETED_DEVICE_FAMILY = "1,2";
			};
			name = Debug;
		};
		8749B84128E010AF00A718AC /* Release */ = {
			isa = XCBuildConfiguration;
			buildSettings = {
				ASSETCATALOG_COMPILER_APPICON_NAME = AppIcon;
				ASSETCATALOG_COMPILER_GLOBAL_ACCENT_COLOR_NAME = AccentColor;
				CODE_SIGN_STYLE = Automatic;
				CURRENT_PROJECT_VERSION = 1;
				GENERATE_INFOPLIST_FILE = YES;
				INFOPLIST_FILE = HourMessage/Info.plist;
				INFOPLIST_KEY_UIApplicationSupportsIndirectInputEvents = YES;
				INFOPLIST_KEY_UILaunchStoryboardName = LaunchScreen;
				INFOPLIST_KEY_UISupportedInterfaceOrientations_iPad = "UIInterfaceOrientationPortrait UIInterfaceOrientationPortraitUpsideDown UIInterfaceOrientationLandscapeLeft UIInterfaceOrientationLandscapeRight";
				INFOPLIST_KEY_UISupportedInterfaceOrientations_iPhone = "UIInterfaceOrientationPortrait UIInterfaceOrientationLandscapeLeft UIInterfaceOrientationLandscapeRight";
				LD_RUNPATH_SEARCH_PATHS = (
					"$(inherited)",
					"@executable_path/Frameworks",
				);
				MARKETING_VERSION = 1.0;
				PRODUCT_BUNDLE_IDENTIFIER = lys.HourMessage;
				PRODUCT_NAME = "$(TARGET_NAME)";
				SWIFT_EMIT_LOC_STRINGS = YES;
				SWIFT_VERSION = 5.0;
				TARGETED_DEVICE_FAMILY = "1,2";
			};
			name = Release;
		};
/* End XCBuildConfiguration section */

/* Begin XCConfigurationList section */
		870D43E728F77E7000EDF4F2 /* Build configuration list for PBXNativeTarget "HourMessageUnitTests" */ = {
			isa = XCConfigurationList;
			buildConfigurations = (
				870D43E528F77E7000EDF4F2 /* Debug */,
				870D43E628F77E7000EDF4F2 /* Release */,
			);
			defaultConfigurationIsVisible = 0;
			defaultConfigurationName = Release;
		};
		8749B81028E010AD00A718AC /* Build configuration list for PBXProject "HourMessage" */ = {
			isa = XCConfigurationList;
			buildConfigurations = (
				8749B83D28E010AF00A718AC /* Debug */,
				8749B83E28E010AF00A718AC /* Release */,
			);
			defaultConfigurationIsVisible = 0;
			defaultConfigurationName = Release;
		};
		8749B83F28E010AF00A718AC /* Build configuration list for PBXNativeTarget "HourMessage" */ = {
			isa = XCConfigurationList;
			buildConfigurations = (
				8749B84028E010AF00A718AC /* Debug */,
				8749B84128E010AF00A718AC /* Release */,
			);
			defaultConfigurationIsVisible = 0;
			defaultConfigurationName = Release;
		};
/* End XCConfigurationList section */

/* Begin XCRemoteSwiftPackageReference section */
		8749B85528E1357E00A718AC /* XCRemoteSwiftPackageReference "swift-snapshot-testing" */ = {
			isa = XCRemoteSwiftPackageReference;
			repositoryURL = "https://github.com/pointfreeco/swift-snapshot-testing";
			requirement = {
				kind = upToNextMajorVersion;
				minimumVersion = 1.0.0;
			};
		};
		8749B85A28E1366700A718AC /* XCRemoteSwiftPackageReference "swift-snapshot-testing" */ = {
			isa = XCRemoteSwiftPackageReference;
			repositoryURL = "https://github.com/pointfreeco/swift-snapshot-testing";
			requirement = {
				kind = upToNextMinorVersion;
				minimumVersion = 1.9.0;
			};
		};
/* End XCRemoteSwiftPackageReference section */
	};
	rootObject = 8749B80D28E010AD00A718AC /* Project object */;
}
